
Microsoft Visual Studio Solution File, Format Version 12.00
# Visual Studio Version 17
VisualStudioVersion = 17.5.33209.295
MinimumVisualStudioVersion = 10.0.40219.1
Project("{FAE04EC0-301F-11D3-BF4B-00C04F79EFBC}") = "Consulteer.API", "Consulteer.API\Consulteer.API.csproj", "{6C2956B4-19A8-4F32-976D-62C29572170F}"
EndProject
Global
	GlobalSection(SolutionConfigurationPlatforms) = preSolution
		Debug|Any CPU = Debug|Any CPU
		Release|Any CPU = Release|Any CPU
	EndGlobalSection
	GlobalSection(ProjectConfigurationPlatforms) = postSolution
		{6C2956B4-19A8-4F32-976D-62C29572170F}.Debug|Any CPU.ActiveCfg = Debug|Any CPU
		{6C2956B4-19A8-4F32-976D-62C29572170F}.Debug|Any CPU.Build.0 = Debug|Any CPU
		{6C2956B4-19A8-4F32-976D-62C29572170F}.Release|Any CPU.ActiveCfg = Release|Any CPU
		{6C2956B4-19A8-4F32-976D-62C29572170F}.Release|Any CPU.Build.0 = Release|Any CPU
	EndGlobalSection
	GlobalSection(SolutionProperties) = preSolution
		HideSolutionNode = FALSE
	EndGlobalSection
	GlobalSection(ExtensibilityGlobals) = postSolution
		SolutionGuid = {E6309C58-927C-499D-A9D5-1B0A8AA04E96}
	EndGlobalSection
EndGlobal
