
Microsoft Visual Studio Solution File, Format Version 12.00
# Visual Studio Version 16
VisualStudioVersion = 16.0.31321.278
MinimumVisualStudioVersion = 10.0.40219.1
Project("{9A19103F-16F7-4668-BE54-9A1E7A4F7556}") = "WebApiTemplate.Api", "WebApiTemplate\WebApiTemplate.Api.csproj", "{7B9E3F56-CFFC-4A23-8A6E-F1083AF7CEB1}"
EndProject
Project("{2150E333-8FDC-42A3-9474-1A3956D46DE8}") = "Source", "Source", "{9A09FEE0-528D-4B15-852E-0333554D73A9}"
EndProject
Project("{2150E333-8FDC-42A3-9474-1A3956D46DE8}") = "Presentations", "Presentations", "{33DA8484-6B46-4654-962C-70553268567C}"
EndProject
Project("{2150E333-8FDC-42A3-9474-1A3956D46DE8}") = "Infrastructure", "Infrastructure", "{E6B9472E-47B2-478B-A660-75255C908075}"
EndProject
Project("{FAE04EC0-301F-11D3-BF4B-00C04F79EFBC}") = "WebApiTemplate.Api.Infrastructure", "WebApiTemplate.Api.Infrastructure\WebApiTemplate.Api.Infrastructure.csproj", "{E4322255-2F17-4C82-856A-5ADC6447EE8D}"
EndProject
Project("{2150E333-8FDC-42A3-9474-1A3956D46DE8}") = "Core", "Core", "{C63FCF08-D370-40F6-B7A9-4509E9840BB8}"
EndProject
Project("{FAE04EC0-301F-11D3-BF4B-00C04F79EFBC}") = "WebApiTemplate.Api.Application", "WebApiTemplate.Api.Application\WebApiTemplate.Api.Application.csproj", "{1887E277-69A3-416E-A50B-1CCADC3A6195}"
EndProject
Project("{FAE04EC0-301F-11D3-BF4B-00C04F79EFBC}") = "WebApiTemplate.Api.Domain", "WebApiTemplate.Api.Domain\WebApiTemplate.Api.Domain.csproj", "{67391F38-E4E9-4DBB-918F-8F04D667D69B}"
EndProject
Global
	GlobalSection(SolutionConfigurationPlatforms) = preSolution
		Debug|Any CPU = Debug|Any CPU
		Release|Any CPU = Release|Any CPU
	EndGlobalSection
	GlobalSection(ProjectConfigurationPlatforms) = postSolution
		{7B9E3F56-CFFC-4A23-8A6E-F1083AF7CEB1}.Debug|Any CPU.ActiveCfg = Debug|Any CPU
		{7B9E3F56-CFFC-4A23-8A6E-F1083AF7CEB1}.Debug|Any CPU.Build.0 = Debug|Any CPU
		{7B9E3F56-CFFC-4A23-8A6E-F1083AF7CEB1}.Release|Any CPU.ActiveCfg = Release|Any CPU
		{7B9E3F56-CFFC-4A23-8A6E-F1083AF7CEB1}.Release|Any CPU.Build.0 = Release|Any CPU
		{E4322255-2F17-4C82-856A-5ADC6447EE8D}.Debug|Any CPU.ActiveCfg = Debug|Any CPU
		{E4322255-2F17-4C82-856A-5ADC6447EE8D}.Debug|Any CPU.Build.0 = Debug|Any CPU
		{E4322255-2F17-4C82-856A-5ADC6447EE8D}.Release|Any CPU.ActiveCfg = Release|Any CPU
		{E4322255-2F17-4C82-856A-5ADC6447EE8D}.Release|Any CPU.Build.0 = Release|Any CPU
		{1887E277-69A3-416E-A50B-1CCADC3A6195}.Debug|Any CPU.ActiveCfg = Debug|Any CPU
		{1887E277-69A3-416E-A50B-1CCADC3A6195}.Debug|Any CPU.Build.0 = Debug|Any CPU
		{1887E277-69A3-416E-A50B-1CCADC3A6195}.Release|Any CPU.ActiveCfg = Release|Any CPU
		{1887E277-69A3-416E-A50B-1CCADC3A6195}.Release|Any CPU.Build.0 = Release|Any CPU
		{67391F38-E4E9-4DBB-918F-8F04D667D69B}.Debug|Any CPU.ActiveCfg = Debug|Any CPU
		{67391F38-E4E9-4DBB-918F-8F04D667D69B}.Debug|Any CPU.Build.0 = Debug|Any CPU
		{67391F38-E4E9-4DBB-918F-8F04D667D69B}.Release|Any CPU.ActiveCfg = Release|Any CPU
		{67391F38-E4E9-4DBB-918F-8F04D667D69B}.Release|Any CPU.Build.0 = Release|Any CPU
	EndGlobalSection
	GlobalSection(SolutionProperties) = preSolution
		HideSolutionNode = FALSE
	EndGlobalSection
	GlobalSection(NestedProjects) = preSolution
		{7B9E3F56-CFFC-4A23-8A6E-F1083AF7CEB1} = {33DA8484-6B46-4654-962C-70553268567C}
		{33DA8484-6B46-4654-962C-70553268567C} = {9A09FEE0-528D-4B15-852E-0333554D73A9}
		{E6B9472E-47B2-478B-A660-75255C908075} = {9A09FEE0-528D-4B15-852E-0333554D73A9}
		{E4322255-2F17-4C82-856A-5ADC6447EE8D} = {E6B9472E-47B2-478B-A660-75255C908075}
		{C63FCF08-D370-40F6-B7A9-4509E9840BB8} = {9A09FEE0-528D-4B15-852E-0333554D73A9}
		{1887E277-69A3-416E-A50B-1CCADC3A6195} = {C63FCF08-D370-40F6-B7A9-4509E9840BB8}
		{67391F38-E4E9-4DBB-918F-8F04D667D69B} = {C63FCF08-D370-40F6-B7A9-4509E9840BB8}
	EndGlobalSection
	GlobalSection(ExtensibilityGlobals) = postSolution
		SolutionGuid = {E12EADBD-0A17-4BA1-8B19-17632706E5E5}
	EndGlobalSection
EndGlobal
